// !$*UTF8*$!
{
	archiveVersion = 1;
	classes = {
	};
	objectVersion = 50;
	objects = {

/* Begin PBXBuildFile section */
		C511992A242A37640093A633 /* AppDelegate.m in Sources */ = {isa = PBXBuildFile; fileRef = C5119929242A37640093A633 /* AppDelegate.m */; };
		C511992D242A37640093A633 /* SceneDelegate.m in Sources */ = {isa = PBXBuildFile; fileRef = C511992C242A37640093A633 /* SceneDelegate.m */; };
		C5119933242A37640093A633 /* Main.storyboard in Resources */ = {isa = PBXBuildFile; fileRef = C5119931242A37640093A633 /* Main.storyboard */; };
		C5119935242A37650093A633 /* Assets.xcassets in Resources */ = {isa = PBXBuildFile; fileRef = C5119934242A37650093A633 /* Assets.xcassets */; };
		C5119938242A37650093A633 /* LaunchScreen.storyboard in Resources */ = {isa = PBXBuildFile; fileRef = C5119936242A37650093A633 /* LaunchScreen.storyboard */; };
		C511993B242A37650093A633 /* main.m in Sources */ = {isa = PBXBuildFile; fileRef = C511993A242A37650093A633 /* main.m */; };
		C5119944242A39250093A633 /* JEFEntry.m in Sources */ = {isa = PBXBuildFile; fileRef = C5119943242A39250093A633 /* JEFEntry.m */; };
		C5119947242A393B0093A633 /* JEFEntryController.m in Sources */ = {isa = PBXBuildFile; fileRef = C5119946242A393B0093A633 /* JEFEntryController.m */; };
		C511994A242A39610093A633 /* JEFJournalTableViewController.m in Sources */ = {isa = PBXBuildFile; fileRef = C5119949242A39610093A633 /* JEFJournalTableViewController.m */; };
		C5119963242A60980093A633 /* JEFDetailViewController.m in Sources */ = {isa = PBXBuildFile; fileRef = C5119962242A60980093A633 /* JEFDetailViewController.m */; };
/* End PBXBuildFile section */

/* Begin PBXFileReference section */
		C5119925242A37640093A633 /* JournalC.app */ = {isa = PBXFileReference; explicitFileType = wrapper.application; includeInIndex = 0; path = JournalC.app; sourceTree = BUILT_PRODUCTS_DIR; };
		C5119928242A37640093A633 /* AppDelegate.h */ = {isa = PBXFileReference; lastKnownFileType = sourcecode.c.h; path = AppDelegate.h; sourceTree = "<group>"; };
		C5119929242A37640093A633 /* AppDelegate.m */ = {isa = PBXFileReference; lastKnownFileType = sourcecode.c.objc; path = AppDelegate.m; sourceTree = "<group>"; };
		C511992B242A37640093A633 /* SceneDelegate.h */ = {isa = PBXFileReference; lastKnownFileType = sourcecode.c.h; path = SceneDelegate.h; sourceTree = "<group>"; };
		C511992C242A37640093A633 /* SceneDelegate.m */ = {isa = PBXFileReference; lastKnownFileType = sourcecode.c.objc; path = SceneDelegate.m; sourceTree = "<group>"; };
		C5119932242A37640093A633 /* Base */ = {isa = PBXFileReference; lastKnownFileType = file.storyboard; name = Base; path = Base.lproj/Main.storyboard; sourceTree = "<group>"; };
		C5119934242A37650093A633 /* Assets.xcassets */ = {isa = PBXFileReference; lastKnownFileType = folder.assetcatalog; path = Assets.xcassets; sourceTree = "<group>"; };
		C5119937242A37650093A633 /* Base */ = {isa = PBXFileReference; lastKnownFileType = file.storyboard; name = Base; path = Base.lproj/LaunchScreen.storyboard; sourceTree = "<group>"; };
		C5119939242A37650093A633 /* Info.plist */ = {isa = PBXFileReference; lastKnownFileType = text.plist.xml; path = Info.plist; sourceTree = "<group>"; };
		C511993A242A37650093A633 /* main.m */ = {isa = PBXFileReference; lastKnownFileType = sourcecode.c.objc; path = main.m; sourceTree = "<group>"; };
		C5119942242A39250093A633 /* JEFEntry.h */ = {isa = PBXFileReference; lastKnownFileType = sourcecode.c.h; path = JEFEntry.h; sourceTree = "<group>"; };
		C5119943242A39250093A633 /* JEFEntry.m */ = {isa = PBXFileReference; lastKnownFileType = sourcecode.c.objc; path = JEFEntry.m; sourceTree = "<group>"; };
		C5119945242A393B0093A633 /* JEFEntryController.h */ = {isa = PBXFileReference; lastKnownFileType = sourcecode.c.h; path = JEFEntryController.h; sourceTree = "<group>"; };
		C5119946242A393B0093A633 /* JEFEntryController.m */ = {isa = PBXFileReference; lastKnownFileType = sourcecode.c.objc; path = JEFEntryController.m; sourceTree = "<group>"; };
		C5119948242A39610093A633 /* JEFJournalTableViewController.h */ = {isa = PBXFileReference; lastKnownFileType = sourcecode.c.h; path = JEFJournalTableViewController.h; sourceTree = "<group>"; };
		C5119949242A39610093A633 /* JEFJournalTableViewController.m */ = {isa = PBXFileReference; lastKnownFileType = sourcecode.c.objc; path = JEFJournalTableViewController.m; sourceTree = "<group>"; };
		C5119961242A60980093A633 /* JEFDetailViewController.h */ = {isa = PBXFileReference; lastKnownFileType = sourcecode.c.h; path = JEFDetailViewController.h; sourceTree = "<group>"; };
		C5119962242A60980093A633 /* JEFDetailViewController.m */ = {isa = PBXFileReference; lastKnownFileType = sourcecode.c.objc; path = JEFDetailViewController.m; sourceTree = "<group>"; };
/* End PBXFileReference section */

/* Begin PBXFrameworksBuildPhase section */
		C5119922242A37640093A633 /* Frameworks */ = {
			isa = PBXFrameworksBuildPhase;
			buildActionMask = 2147483647;
			files = (
			);
			runOnlyForDeploymentPostprocessing = 0;
		};
/* End PBXFrameworksBuildPhase section */

/* Begin PBXGroup section */
		C511991C242A37640093A633 = {
			isa = PBXGroup;
			children = (
				C5119927242A37640093A633 /* JournalC */,
				C5119926242A37640093A633 /* Products */,
			);
			sourceTree = "<group>";
		};
		C5119926242A37640093A633 /* Products */ = {
			isa = PBXGroup;
			children = (
				C5119925242A37640093A633 /* JournalC.app */,
			);
			name = Products;
			sourceTree = "<group>";
		};
		C5119927242A37640093A633 /* JournalC */ = {
			isa = PBXGroup;
			children = (
				C5119931242A37640093A633 /* Main.storyboard */,
				C511994B242A39670093A633 /* Views */,
				C511994D242A398A0093A633 /* Controllers */,
				C511994C242A397C0093A633 /* Models */,
				C5119941242A38C40093A633 /* Resources */,
			);
			path = JournalC;
			sourceTree = "<group>";
		};
		C5119941242A38C40093A633 /* Resources */ = {
			isa = PBXGroup;
			children = (
				C5119928242A37640093A633 /* AppDelegate.h */,
				C5119929242A37640093A633 /* AppDelegate.m */,
				C511992B242A37640093A633 /* SceneDelegate.h */,
				C511992C242A37640093A633 /* SceneDelegate.m */,
				C5119934242A37650093A633 /* Assets.xcassets */,
				C5119936242A37650093A633 /* LaunchScreen.storyboard */,
				C5119939242A37650093A633 /* Info.plist */,
				C511993A242A37650093A633 /* main.m */,
			);
			path = Resources;
			sourceTree = "<group>";
		};
		C511994B242A39670093A633 /* Views */ = {
			isa = PBXGroup;
			children = (
				C5119948242A39610093A633 /* JEFJournalTableViewController.h */,
				C5119949242A39610093A633 /* JEFJournalTableViewController.m */,
				C5119961242A60980093A633 /* JEFDetailViewController.h */,
				C5119962242A60980093A633 /* JEFDetailViewController.m */,
			);
			path = Views;
			sourceTree = "<group>";
		};
		C511994C242A397C0093A633 /* Models */ = {
			isa = PBXGroup;
			children = (
				C5119942242A39250093A633 /* JEFEntry.h */,
				C5119943242A39250093A633 /* JEFEntry.m */,
			);
			path = Models;
			sourceTree = "<group>";
		};
		C511994D242A398A0093A633 /* Controllers */ = {
			isa = PBXGroup;
			children = (
				C5119945242A393B0093A633 /* JEFEntryController.h */,
				C5119946242A393B0093A633 /* JEFEntryController.m */,
			);
			path = Controllers;
			sourceTree = "<group>";
		};
/* End PBXGroup section */

/* Begin PBXNativeTarget section */
		C5119924242A37640093A633 /* JournalC */ = {
			isa = PBXNativeTarget;
			buildConfigurationList = C511993E242A37650093A633 /* Build configuration list for PBXNativeTarget "JournalC" */;
			buildPhases = (
				C5119921242A37640093A633 /* Sources */,
				C5119922242A37640093A633 /* Frameworks */,
				C5119923242A37640093A633 /* Resources */,
			);
			buildRules = (
			);
			dependencies = (
			);
			name = JournalC;
			productName = JournalC;
			productReference = C5119925242A37640093A633 /* JournalC.app */;
			productType = "com.apple.product-type.application";
		};
/* End PBXNativeTarget section */

/* Begin PBXProject section */
		C511991D242A37640093A633 /* Project object */ = {
			isa = PBXProject;
			attributes = {
				CLASSPREFIX = JEF;
				LastUpgradeCheck = 1130;
				ORGANIZATIONNAME = "Jordan Furr";
				TargetAttributes = {
					C5119924242A37640093A633 = {
						CreatedOnToolsVersion = 11.3.1;
					};
				};
			};
			buildConfigurationList = C5119920242A37640093A633 /* Build configuration list for PBXProject "JournalC" */;
			compatibilityVersion = "Xcode 9.3";
			developmentRegion = en;
			hasScannedForEncodings = 0;
			knownRegions = (
				en,
				Base,
			);
			mainGroup = C511991C242A37640093A633;
			productRefGroup = C5119926242A37640093A633 /* Products */;
			projectDirPath = "";
			projectRoot = "";
			targets = (
				C5119924242A37640093A633 /* JournalC */,
			);
		};
/* End PBXProject section */

/* Begin PBXResourcesBuildPhase section */
		C5119923242A37640093A633 /* Resources */ = {
			isa = PBXResourcesBuildPhase;
			buildActionMask = 2147483647;
			files = (
				C5119938242A37650093A633 /* LaunchScreen.storyboard in Resources */,
				C5119935242A37650093A633 /* Assets.xcassets in Resources */,
				C5119933242A37640093A633 /* Main.storyboard in Resources */,
			);
			runOnlyForDeploymentPostprocessing = 0;
		};
/* End PBXResourcesBuildPhase section */

/* Begin PBXSourcesBuildPhase section */
		C5119921242A37640093A633 /* Sources */ = {
			isa = PBXSourcesBuildPhase;
			buildActionMask = 2147483647;
			files = (
				C5119944242A39250093A633 /* JEFEntry.m in Sources */,
				C511992A242A37640093A633 /* AppDelegate.m in Sources */,
				C5119947242A393B0093A633 /* JEFEntryController.m in Sources */,
				C511993B242A37650093A633 /* main.m in Sources */,
				C5119963242A60980093A633 /* JEFDetailViewController.m in Sources */,
				C511992D242A37640093A633 /* SceneDelegate.m in Sources */,
				C511994A242A39610093A633 /* JEFJournalTableViewController.m in Sources */,
			);
			runOnlyForDeploymentPostprocessing = 0;
		};
/* End PBXSourcesBuildPhase section */

/* Begin PBXVariantGroup section */
		C5119931242A37640093A633 /* Main.storyboard */ = {
			isa = PBXVariantGroup;
			children = (
				C5119932242A37640093A633 /* Base */,
			);
			name = Main.storyboard;
			sourceTree = "<group>";
		};
		C5119936242A37650093A633 /* LaunchScreen.storyboard */ = {
			isa = PBXVariantGroup;
			children = (
				C5119937242A37650093A633 /* Base */,
			);
			name = LaunchScreen.storyboard;
			sourceTree = "<group>";
		};
/* End PBXVariantGroup section */

/* Begin XCBuildConfiguration section */
		C511993C242A37650093A633 /* Debug */ = {
			isa = XCBuildConfiguration;
			buildSettings = {
				ALWAYS_SEARCH_USER_PATHS = NO;
				CLANG_ANALYZER_NONNULL = YES;
				CLANG_ANALYZER_NUMBER_OBJECT_CONVERSION = YES_AGGRESSIVE;
				CLANG_CXX_LANGUAGE_STANDARD = "gnu++14";
				CLANG_CXX_LIBRARY = "libc++";
				CLANG_ENABLE_MODULES = YES;
				CLANG_ENABLE_OBJC_ARC = YES;
				CLANG_ENABLE_OBJC_WEAK = YES;
				CLANG_WARN_BLOCK_CAPTURE_AUTORELEASING = YES;
				CLANG_WARN_BOOL_CONVERSION = YES;
				CLANG_WARN_COMMA = YES;
				CLANG_WARN_CONSTANT_CONVERSION = YES;
				CLANG_WARN_DEPRECATED_OBJC_IMPLEMENTATIONS = YES;
				CLANG_WARN_DIRECT_OBJC_ISA_USAGE = YES_ERROR;
				CLANG_WARN_DOCUMENTATION_COMMENTS = YES;
				CLANG_WARN_EMPTY_BODY = YES;
				CLANG_WARN_ENUM_CONVERSION = YES;
				CLANG_WARN_INFINITE_RECURSION = YES;
				CLANG_WARN_INT_CONVERSION = YES;
				CLANG_WARN_NON_LITERAL_NULL_CONVERSION = YES;
				CLANG_WARN_OBJC_IMPLICIT_RETAIN_SELF = YES;
				CLANG_WARN_OBJC_LITERAL_CONVERSION = YES;
				CLANG_WARN_OBJC_ROOT_CLASS = YES_ERROR;
				CLANG_WARN_RANGE_LOOP_ANALYSIS = YES;
				CLANG_WARN_STRICT_PROTOTYPES = YES;
				CLANG_WARN_SUSPICIOUS_MOVE = YES;
				CLANG_WARN_UNGUARDED_AVAILABILITY = YES_AGGRESSIVE;
				CLANG_WARN_UNREACHABLE_CODE = YES;
				CLANG_WARN__DUPLICATE_METHOD_MATCH = YES;
				COPY_PHASE_STRIP = NO;
				DEBUG_INFORMATION_FORMAT = dwarf;
				ENABLE_STRICT_OBJC_MSGSEND = YES;
				ENABLE_TESTABILITY = YES;
				GCC_C_LANGUAGE_STANDARD = gnu11;
				GCC_DYNAMIC_NO_PIC = NO;
				GCC_NO_COMMON_BLOCKS = YES;
				GCC_OPTIMIZATION_LEVEL = 0;
				GCC_PREPROCESSOR_DEFINITIONS = (
					"DEBUG=1",
					"$(inherited)",
				);
				GCC_WARN_64_TO_32_BIT_CONVERSION = YES;
				GCC_WARN_ABOUT_RETURN_TYPE = YES_ERROR;
				GCC_WARN_UNDECLARED_SELECTOR = YES;
				GCC_WARN_UNINITIALIZED_AUTOS = YES_AGGRESSIVE;
				GCC_WARN_UNUSED_FUNCTION = YES;
				GCC_WARN_UNUSED_VARIABLE = YES;
				IPHONEOS_DEPLOYMENT_TARGET = 13.2;
				MTL_ENABLE_DEBUG_INFO = INCLUDE_SOURCE;
				MTL_FAST_MATH = YES;
				ONLY_ACTIVE_ARCH = YES;
				SDKROOT = iphoneos;
			};
			name = Debug;
		};
		C511993D242A37650093A633 /* Release */ = {
			isa = XCBuildConfiguration;
			buildSettings = {
				ALWAYS_SEARCH_USER_PATHS = NO;
				CLANG_ANALYZER_NONNULL = YES;
				CLANG_ANALYZER_NUMBER_OBJECT_CONVERSION = YES_AGGRESSIVE;
				CLANG_CXX_LANGUAGE_STANDARD = "gnu++14";
				CLANG_CXX_LIBRARY = "libc++";
				CLANG_ENABLE_MODULES = YES;
				CLANG_ENABLE_OBJC_ARC = YES;
				CLANG_ENABLE_OBJC_WEAK = YES;
				CLANG_WARN_BLOCK_CAPTURE_AUTORELEASING = YES;
				CLANG_WARN_BOOL_CONVERSION = YES;
				CLANG_WARN_COMMA = YES;
				CLANG_WARN_CONSTANT_CONVERSION = YES;
				CLANG_WARN_DEPRECATED_OBJC_IMPLEMENTATIONS = YES;
				CLANG_WARN_DIRECT_OBJC_ISA_USAGE = YES_ERROR;
				CLANG_WARN_DOCUMENTATION_COMMENTS = YES;
				CLANG_WARN_EMPTY_BODY = YES;
				CLANG_WARN_ENUM_CONVERSION = YES;
				CLANG_WARN_INFINITE_RECURSION = YES;
				CLANG_WARN_INT_CONVERSION = YES;
				CLANG_WARN_NON_LITERAL_NULL_CONVERSION = YES;
				CLANG_WARN_OBJC_IMPLICIT_RETAIN_SELF = YES;
				CLANG_WARN_OBJC_LITERAL_CONVERSION = YES;
				CLANG_WARN_OBJC_ROOT_CLASS = YES_ERROR;
				CLANG_WARN_RANGE_LOOP_ANALYSIS = YES;
				CLANG_WARN_STRICT_PROTOTYPES = YES;
				CLANG_WARN_SUSPICIOUS_MOVE = YES;
				CLANG_WARN_UNGUARDED_AVAILABILITY = YES_AGGRESSIVE;
				CLANG_WARN_UNREACHABLE_CODE = YES;
				CLANG_WARN__DUPLICATE_METHOD_MATCH = YES;
				COPY_PHASE_STRIP = NO;
				DEBUG_INFORMATION_FORMAT = "dwarf-with-dsym";
				ENABLE_NS_ASSERTIONS = NO;
				ENABLE_STRICT_OBJC_MSGSEND = YES;
				GCC_C_LANGUAGE_STANDARD = gnu11;
				GCC_NO_COMMON_BLOCKS = YES;
				GCC_WARN_64_TO_32_BIT_CONVERSION = YES;
				GCC_WARN_ABOUT_RETURN_TYPE = YES_ERROR;
				GCC_WARN_UNDECLARED_SELECTOR = YES;
				GCC_WARN_UNINITIALIZED_AUTOS = YES_AGGRESSIVE;
				GCC_WARN_UNUSED_FUNCTION = YES;
				GCC_WARN_UNUSED_VARIABLE = YES;
				IPHONEOS_DEPLOYMENT_TARGET = 13.2;
				MTL_ENABLE_DEBUG_INFO = NO;
				MTL_FAST_MATH = YES;
				SDKROOT = iphoneos;
				VALIDATE_PRODUCT = YES;
			};
			name = Release;
		};
		C511993F242A37650093A633 /* Debug */ = {
			isa = XCBuildConfiguration;
			buildSettings = {
				ASSETCATALOG_COMPILER_APPICON_NAME = AppIcon;
				CODE_SIGN_STYLE = Automatic;
				INFOPLIST_FILE = JournalC/Resources/Info.plist;
				LD_RUNPATH_SEARCH_PATHS = (
					"$(inherited)",
					"@executable_path/Frameworks",
				);
				PRODUCT_BUNDLE_IDENTIFIER = com.jordanfurr98.JournalC;
				PRODUCT_NAME = "$(TARGET_NAME)";
				TARGETED_DEVICE_FAMILY = "1,2";
			};
			name = Debug;
		};
		C5119940242A37650093A633 /* Release */ = {
			isa = XCBuildConfiguration;
			buildSettings = {
				ASSETCATALOG_COMPILER_APPICON_NAME = AppIcon;
				CODE_SIGN_STYLE = Automatic;
				INFOPLIST_FILE = JournalC/Resources/Info.plist;
				LD_RUNPATH_SEARCH_PATHS = (
					"$(inherited)",
					"@executable_path/Frameworks",
				);
				PRODUCT_BUNDLE_IDENTIFIER = com.jordanfurr98.JournalC;
				PRODUCT_NAME = "$(TARGET_NAME)";
				TARGETED_DEVICE_FAMILY = "1,2";
			};
			name = Release;
		};
/* End XCBuildConfiguration section */

/* Begin XCConfigurationList section */
		C5119920242A37640093A633 /* Build configuration list for PBXProject "JournalC" */ = {
			isa = XCConfigurationList;
			buildConfigurations = (
				C511993C242A37650093A633 /* Debug */,
				C511993D242A37650093A633 /* Release */,
			);
			defaultConfigurationIsVisible = 0;
			defaultConfigurationName = Release;
		};
		C511993E242A37650093A633 /* Build configuration list for PBXNativeTarget "JournalC" */ = {
			isa = XCConfigurationList;
			buildConfigurations = (
				C511993F242A37650093A633 /* Debug */,
				C5119940242A37650093A633 /* Release */,
			);
			defaultConfigurationIsVisible = 0;
			defaultConfigurationName = Release;
		};
/* End XCConfigurationList section */
	};
	rootObject = C511991D242A37640093A633 /* Project object */;
}
